
Microsoft Visual Studio Solution File, Format Version 12.00
# Visual Studio Version 17
VisualStudioVersion = 17.4.33213.308
MinimumVisualStudioVersion = 10.0.40219.1
Project("{FAE04EC0-301F-11D3-BF4B-00C04F79EFBC}") = "ESD", "ESD\ESD.csproj", "{DC85A3E6-9416-4321-BB35-ED4D67BE8881}"
EndProject
Global
	GlobalSection(SolutionConfigurationPlatforms) = preSolution
		Debug|Any CPU = Debug|Any CPU
		Release|Any CPU = Release|Any CPU
	EndGlobalSection
	GlobalSection(ProjectConfigurationPlatforms) = postSolution
		{DC85A3E6-9416-4321-BB35-ED4D67BE8881}.Debug|Any CPU.ActiveCfg = Debug|Any CPU
		{DC85A3E6-9416-4321-BB35-ED4D67BE8881}.Debug|Any CPU.Build.0 = Debug|Any CPU
		{DC85A3E6-9416-4321-BB35-ED4D67BE8881}.Release|Any CPU.ActiveCfg = Release|Any CPU
		{DC85A3E6-9416-4321-BB35-ED4D67BE8881}.Release|Any CPU.Build.0 = Release|Any CPU
	EndGlobalSection
	GlobalSection(SolutionProperties) = preSolution
		HideSolutionNode = FALSE
	EndGlobalSection
	GlobalSection(ExtensibilityGlobals) = postSolution
		SolutionGuid = {7B4375C5-D1EF-41D1-984D-B9460C8FD6B5}
	EndGlobalSection
EndGlobal
